// !$*UTF8*$!
{
	archiveVersion = 1;
	classes = {
	};
	objectVersion = 46;
	objects = {

/* Begin PBXBuildFile section */
		04CF062B1F14EBF700506F10 /* AppDelegate.swift in Sources */ = {isa = PBXBuildFile; fileRef = 04CF062A1F14EBF700506F10 /* AppDelegate.swift */; };
		04CF062D1F14EBF700506F10 /* ViewController.swift in Sources */ = {isa = PBXBuildFile; fileRef = 04CF062C1F14EBF700506F10 /* ViewController.swift */; };
		04CF06301F14EBF700506F10 /* Main.storyboard in Resources */ = {isa = PBXBuildFile; fileRef = 04CF062E1F14EBF700506F10 /* Main.storyboard */; };
		04CF06321F14EBF700506F10 /* Assets.xcassets in Resources */ = {isa = PBXBuildFile; fileRef = 04CF06311F14EBF700506F10 /* Assets.xcassets */; };
		04CF06351F14EBF700506F10 /* LaunchScreen.storyboard in Resources */ = {isa = PBXBuildFile; fileRef = 04CF06331F14EBF700506F10 /* LaunchScreen.storyboard */; };
		04CF063D1F14EC6C00506F10 /* usersAPI.txt in Resources */ = {isa = PBXBuildFile; fileRef = 04CF063C1F14EC6C00506F10 /* usersAPI.txt */; };
/* End PBXBuildFile section */

/* Begin PBXFileReference section */
		04CF06271F14EBF700506F10 /* Json_Parse_of_LocalData.app */ = {isa = PBXFileReference; explicitFileType = wrapper.application; includeInIndex = 0; path = Json_Parse_of_LocalData.app; sourceTree = BUILT_PRODUCTS_DIR; };
		04CF062A1F14EBF700506F10 /* AppDelegate.swift */ = {isa = PBXFileReference; lastKnownFileType = sourcecode.swift; path = AppDelegate.swift; sourceTree = "<group>"; };
		04CF062C1F14EBF700506F10 /* ViewController.swift */ = {isa = PBXFileReference; lastKnownFileType = sourcecode.swift; path = ViewController.swift; sourceTree = "<group>"; };
		04CF062F1F14EBF700506F10 /* Base */ = {isa = PBXFileReference; lastKnownFileType = file.storyboard; name = Base; path = Base.lproj/Main.storyboard; sourceTree = "<group>"; };
		04CF06311F14EBF700506F10 /* Assets.xcassets */ = {isa = PBXFileReference; lastKnownFileType = folder.assetcatalog; path = Assets.xcassets; sourceTree = "<group>"; };
		04CF06341F14EBF700506F10 /* Base */ = {isa = PBXFileReference; lastKnownFileType = file.storyboard; name = Base; path = Base.lproj/LaunchScreen.storyboard; sourceTree = "<group>"; };
		04CF06361F14EBF700506F10 /* Info.plist */ = {isa = PBXFileReference; lastKnownFileType = text.plist.xml; path = Info.plist; sourceTree = "<group>"; };
		04CF063C1F14EC6C00506F10 /* usersAPI.txt */ = {isa = PBXFileReference; fileEncoding = 4; lastKnownFileType = text; path = usersAPI.txt; sourceTree = "<group>"; };
/* End PBXFileReference section */

/* Begin PBXFrameworksBuildPhase section */
		04CF06241F14EBF700506F10 /* Frameworks */ = {
			isa = PBXFrameworksBuildPhase;
			buildActionMask = 2147483647;
			files = (
			);
			runOnlyForDeploymentPostprocessing = 0;
		};
/* End PBXFrameworksBuildPhase section */

/* Begin PBXGroup section */
		04CF061E1F14EBF700506F10 = {
			isa = PBXGroup;
			children = (
				04CF06291F14EBF700506F10 /* Json_Parse_of_LocalData */,
				04CF06281F14EBF700506F10 /* Products */,
			);
			sourceTree = "<group>";
		};
		04CF06281F14EBF700506F10 /* Products */ = {
			isa = PBXGroup;
			children = (
				04CF06271F14EBF700506F10 /* Json_Parse_of_LocalData.app */,
			);
			name = Products;
			sourceTree = "<group>";
		};
		04CF06291F14EBF700506F10 /* Json_Parse_of_LocalData */ = {
			isa = PBXGroup;
			children = (
				04CF063C1F14EC6C00506F10 /* usersAPI.txt */,
				04CF062A1F14EBF700506F10 /* AppDelegate.swift */,
				04CF062C1F14EBF700506F10 /* ViewController.swift */,
				04CF062E1F14EBF700506F10 /* Main.storyboard */,
				04CF06311F14EBF700506F10 /* Assets.xcassets */,
				04CF06331F14EBF700506F10 /* LaunchScreen.storyboard */,
				04CF06361F14EBF700506F10 /* Info.plist */,
			);
			path = Json_Parse_of_LocalData;
			sourceTree = "<group>";
		};
/* End PBXGroup section */

/* Begin PBXNativeTarget section */
		04CF06261F14EBF700506F10 /* Json_Parse_of_LocalData */ = {
			isa = PBXNativeTarget;
			buildConfigurationList = 04CF06391F14EBF700506F10 /* Build configuration list for PBXNativeTarget "Json_Parse_of_LocalData" */;
			buildPhases = (
				04CF06231F14EBF700506F10 /* Sources */,
				04CF06241F14EBF700506F10 /* Frameworks */,
				04CF06251F14EBF700506F10 /* Resources */,
			);
			buildRules = (
			);
			dependencies = (
			);
			name = Json_Parse_of_LocalData;
			productName = Json_Parse_of_LocalData;
			productReference = 04CF06271F14EBF700506F10 /* Json_Parse_of_LocalData.app */;
			productType = "com.apple.product-type.application";
		};
/* End PBXNativeTarget section */

/* Begin PBXProject section */
		04CF061F1F14EBF700506F10 /* Project object */ = {
			isa = PBXProject;
			attributes = {
				LastSwiftUpdateCheck = 0820;
				LastUpgradeCheck = 0820;
				ORGANIZATIONNAME = mac;
				TargetAttributes = {
					04CF06261F14EBF700506F10 = {
						CreatedOnToolsVersion = 8.2;
						ProvisioningStyle = Automatic;
					};
				};
			};
			buildConfigurationList = 04CF06221F14EBF700506F10 /* Build configuration list for PBXProject "Json_Parse_of_LocalData" */;
			compatibilityVersion = "Xcode 3.2";
			developmentRegion = English;
			hasScannedForEncodings = 0;
			knownRegions = (
				en,
				Base,
			);
			mainGroup = 04CF061E1F14EBF700506F10;
			productRefGroup = 04CF06281F14EBF700506F10 /* Products */;
			projectDirPath = "";
			projectRoot = "";
			targets = (
				04CF06261F14EBF700506F10 /* Json_Parse_of_LocalData */,
			);
		};
/* End PBXProject section */

/* Begin PBXResourcesBuildPhase section */
		04CF06251F14EBF700506F10 /* Resources */ = {
			isa = PBXResourcesBuildPhase;
			buildActionMask = 2147483647;
			files = (
				04CF06351F14EBF700506F10 /* LaunchScreen.storyboard in Resources */,
				04CF06321F14EBF700506F10 /* Assets.xcassets in Resources */,
				04CF063D1F14EC6C00506F10 /* usersAPI.txt in Resources */,
				04CF06301F14EBF700506F10 /* Main.storyboard in Resources */,
			);
			runOnlyForDeploymentPostprocessing = 0;
		};
/* End PBXResourcesBuildPhase section */

/* Begin PBXSourcesBuildPhase section */
		04CF06231F14EBF700506F10 /* Sources */ = {
			isa = PBXSourcesBuildPhase;
			buildActionMask = 2147483647;
			files = (
				04CF062D1F14EBF700506F10 /* ViewController.swift in Sources */,
				04CF062B1F14EBF700506F10 /* AppDelegate.swift in Sources */,
			);
			runOnlyForDeploymentPostprocessing = 0;
		};
/* End PBXSourcesBuildPhase section */

/* Begin PBXVariantGroup section */
		04CF062E1F14EBF700506F10 /* Main.storyboard */ = {
			isa = PBXVariantGroup;
			children = (
				04CF062F1F14EBF700506F10 /* Base */,
			);
			name = Main.storyboard;
			sourceTree = "<group>";
		};
		04CF06331F14EBF700506F10 /* LaunchScreen.storyboard */ = {
			isa = PBXVariantGroup;
			children = (
				04CF06341F14EBF700506F10 /* Base */,
			);
			name = LaunchScreen.storyboard;
			sourceTree = "<group>";
		};
/* End PBXVariantGroup section */

/* Begin XCBuildConfiguration section */
		04CF06371F14EBF700506F10 /* Debug */ = {
			isa = XCBuildConfiguration;
			buildSettings = {
				ALWAYS_SEARCH_USER_PATHS = NO;
				CLANG_ANALYZER_NONNULL = YES;
				CLANG_CXX_LANGUAGE_STANDARD = "gnu++0x";
				CLANG_CXX_LIBRARY = "libc++";
				CLANG_ENABLE_MODULES = YES;
				CLANG_ENABLE_OBJC_ARC = YES;
				CLANG_WARN_BOOL_CONVERSION = YES;
				CLANG_WARN_CONSTANT_CONVERSION = YES;
				CLANG_WARN_DIRECT_OBJC_ISA_USAGE = YES_ERROR;
				CLANG_WARN_DOCUMENTATION_COMMENTS = YES;
				CLANG_WARN_EMPTY_BODY = YES;
				CLANG_WARN_ENUM_CONVERSION = YES;
				CLANG_WARN_INFINITE_RECURSION = YES;
				CLANG_WARN_INT_CONVERSION = YES;
				CLANG_WARN_OBJC_ROOT_CLASS = YES_ERROR;
				CLANG_WARN_SUSPICIOUS_MOVE = YES;
				CLANG_WARN_UNREACHABLE_CODE = YES;
				CLANG_WARN__DUPLICATE_METHOD_MATCH = YES;
				"CODE_SIGN_IDENTITY[sdk=iphoneos*]" = "iPhone Developer";
				COPY_PHASE_STRIP = NO;
				DEBUG_INFORMATION_FORMAT = dwarf;
				ENABLE_STRICT_OBJC_MSGSEND = YES;
				ENABLE_TESTABILITY = YES;
				GCC_C_LANGUAGE_STANDARD = gnu99;
				GCC_DYNAMIC_NO_PIC = NO;
				GCC_NO_COMMON_BLOCKS = YES;
				GCC_OPTIMIZATION_LEVEL = 0;
				GCC_PREPROCESSOR_DEFINITIONS = (
					"DEBUG=1",
					"$(inherited)",
				);
				GCC_WARN_64_TO_32_BIT_CONVERSION = YES;
				GCC_WARN_ABOUT_RETURN_TYPE = YES_ERROR;
				GCC_WARN_UNDECLARED_SELECTOR = YES;
				GCC_WARN_UNINITIALIZED_AUTOS = YES_AGGRESSIVE;
				GCC_WARN_UNUSED_FUNCTION = YES;
				GCC_WARN_UNUSED_VARIABLE = YES;
				IPHONEOS_DEPLOYMENT_TARGET = 10.2;
				MTL_ENABLE_DEBUG_INFO = YES;
				ONLY_ACTIVE_ARCH = YES;
				SDKROOT = iphoneos;
				SWIFT_ACTIVE_COMPILATION_CONDITIONS = DEBUG;
				SWIFT_OPTIMIZATION_LEVEL = "-Onone";
			};
			name = Debug;
		};
		04CF06381F14EBF700506F10 /* Release */ = {
			isa = XCBuildConfiguration;
			buildSettings = {
				ALWAYS_SEARCH_USER_PATHS = NO;
				CLANG_ANALYZER_NONNULL = YES;
				CLANG_CXX_LANGUAGE_STANDARD = "gnu++0x";
				CLANG_CXX_LIBRARY = "libc++";
				CLANG_ENABLE_MODULES = YES;
				CLANG_ENABLE_OBJC_ARC = YES;
				CLANG_WARN_BOOL_CONVERSION = YES;
				CLANG_WARN_CONSTANT_CONVERSION = YES;
				CLANG_WARN_DIRECT_OBJC_ISA_USAGE = YES_ERROR;
				CLANG_WARN_DOCUMENTATION_COMMENTS = YES;
				CLANG_WARN_EMPTY_BODY = YES;
				CLANG_WARN_ENUM_CONVERSION = YES;
				CLANG_WARN_INFINITE_RECURSION = YES;
				CLANG_WARN_INT_CONVERSION = YES;
				CLANG_WARN_OBJC_ROOT_CLASS = YES_ERROR;
				CLANG_WARN_SUSPICIOUS_MOVE = YES;
				CLANG_WARN_UNREACHABLE_CODE = YES;
				CLANG_WARN__DUPLICATE_METHOD_MATCH = YES;
				"CODE_SIGN_IDENTITY[sdk=iphoneos*]" = "iPhone Developer";
				COPY_PHASE_STRIP = NO;
				DEBUG_INFORMATION_FORMAT = "dwarf-with-dsym";
				ENABLE_NS_ASSERTIONS = NO;
				ENABLE_STRICT_OBJC_MSGSEND = YES;
				GCC_C_LANGUAGE_STANDARD = gnu99;
				GCC_NO_COMMON_BLOCKS = YES;
				GCC_WARN_64_TO_32_BIT_CONVERSION = YES;
				GCC_WARN_ABOUT_RETURN_TYPE = YES_ERROR;
				GCC_WARN_UNDECLARED_SELECTOR = YES;
				GCC_WARN_UNINITIALIZED_AUTOS = YES_AGGRESSIVE;
				GCC_WARN_UNUSED_FUNCTION = YES;
				GCC_WARN_UNUSED_VARIABLE = YES;
				IPHONEOS_DEPLOYMENT_TARGET = 10.2;
				MTL_ENABLE_DEBUG_INFO = NO;
				SDKROOT = iphoneos;
				SWIFT_OPTIMIZATION_LEVEL = "-Owholemodule";
				VALIDATE_PRODUCT = YES;
			};
			name = Release;
		};
		04CF063A1F14EBF700506F10 /* Debug */ = {
			isa = XCBuildConfiguration;
			buildSettings = {
				ASSETCATALOG_COMPILER_APPICON_NAME = AppIcon;
				INFOPLIST_FILE = Json_Parse_of_LocalData/Info.plist;
				LD_RUNPATH_SEARCH_PATHS = "$(inherited) @executable_path/Frameworks";
				PRODUCT_BUNDLE_IDENTIFIER = "jf.Json-Parse-of-LocalData";
				PRODUCT_NAME = "$(TARGET_NAME)";
				SWIFT_VERSION = 3.0;
			};
			name = Debug;
		};
		04CF063B1F14EBF700506F10 /* Release */ = {
			isa = XCBuildConfiguration;
			buildSettings = {
				ASSETCATALOG_COMPILER_APPICON_NAME = AppIcon;
				INFOPLIST_FILE = Json_Parse_of_LocalData/Info.plist;
				LD_RUNPATH_SEARCH_PATHS = "$(inherited) @executable_path/Frameworks";
				PRODUCT_BUNDLE_IDENTIFIER = "jf.Json-Parse-of-LocalData";
				PRODUCT_NAME = "$(TARGET_NAME)";
				SWIFT_VERSION = 3.0;
			};
			name = Release;
		};
/* End XCBuildConfiguration section */

/* Begin XCConfigurationList section */
		04CF06221F14EBF700506F10 /* Build configuration list for PBXProject "Json_Parse_of_LocalData" */ = {
			isa = XCConfigurationList;
			buildConfigurations = (
				04CF06371F14EBF700506F10 /* Debug */,
				04CF06381F14EBF700506F10 /* Release */,
			);
			defaultConfigurationIsVisible = 0;
			defaultConfigurationName = Release;
		};
		04CF06391F14EBF700506F10 /* Build configuration list for PBXNativeTarget "Json_Parse_of_LocalData" */ = {
			isa = XCConfigurationList;
			buildConfigurations = (
				04CF063A1F14EBF700506F10 /* Debug */,
				04CF063B1F14EBF700506F10 /* Release */,
			);
			defaultConfigurationIsVisible = 0;
		};
/* End XCConfigurationList section */
	};
	rootObject = 04CF061F1F14EBF700506F10 /* Project object */;
}
